
Microsoft Visual Studio Solution File, Format Version 12.00
# Visual Studio Version 16
VisualStudioVersion = 16.0.31729.503
MinimumVisualStudioVersion = 10.0.40219.1
Project("{FAE04EC0-301F-11D3-BF4B-00C04F79EFBC}") = "CSC lexer", "CSC lexer\CSC lexer.csproj", "{B52616D5-50A6-479C-B07A-1E17AAAC904C}"
EndProject
Global
	GlobalSection(SolutionConfigurationPlatforms) = preSolution
		Debug|Any CPU = Debug|Any CPU
		Release|Any CPU = Release|Any CPU
	EndGlobalSection
	GlobalSection(ProjectConfigurationPlatforms) = postSolution
		{B52616D5-50A6-479C-B07A-1E17AAAC904C}.Debug|Any CPU.ActiveCfg = Debug|Any CPU
		{B52616D5-50A6-479C-B07A-1E17AAAC904C}.Debug|Any CPU.Build.0 = Debug|Any CPU
		{B52616D5-50A6-479C-B07A-1E17AAAC904C}.Release|Any CPU.ActiveCfg = Release|Any CPU
		{B52616D5-50A6-479C-B07A-1E17AAAC904C}.Release|Any CPU.Build.0 = Release|Any CPU
	EndGlobalSection
	GlobalSection(SolutionProperties) = preSolution
		HideSolutionNode = FALSE
	EndGlobalSection
	GlobalSection(ExtensibilityGlobals) = postSolution
		SolutionGuid = {B76CD770-BFC5-4E3F-AE0E-C34CC611D694}
	EndGlobalSection
EndGlobal
